
Microsoft Visual Studio Solution File, Format Version 12.00
# Visual Studio 15
VisualStudioVersion = 15.0.28010.2046
MinimumVisualStudioVersion = 10.0.40219.1
Project("{FAE04EC0-301F-11D3-BF4B-00C04F79EFBC}") = "All_Graphs", "All_Graphs\All_Graphs.csproj", "{8A1E08B1-1C28-471D-BEEF-12975512B284}"
EndProject
Global
	GlobalSection(SolutionConfigurationPlatforms) = preSolution
		Debug|Any CPU = Debug|Any CPU
		Release|Any CPU = Release|Any CPU
	EndGlobalSection
	GlobalSection(ProjectConfigurationPlatforms) = postSolution
		{8A1E08B1-1C28-471D-BEEF-12975512B284}.Debug|Any CPU.ActiveCfg = Debug|Any CPU
		{8A1E08B1-1C28-471D-BEEF-12975512B284}.Debug|Any CPU.Build.0 = Debug|Any CPU
		{8A1E08B1-1C28-471D-BEEF-12975512B284}.Release|Any CPU.ActiveCfg = Release|Any CPU
		{8A1E08B1-1C28-471D-BEEF-12975512B284}.Release|Any CPU.Build.0 = Release|Any CPU
	EndGlobalSection
	GlobalSection(SolutionProperties) = preSolution
		HideSolutionNode = FALSE
	EndGlobalSection
	GlobalSection(ExtensibilityGlobals) = postSolution
		SolutionGuid = {08A54675-B58E-4D6A-9583-0DD493E90CB4}
	EndGlobalSection
EndGlobal
